{
  "name": "parser-combinator",
  "version": "1.0.0",
  "lockfileVersion": 2,
  "requires": true,
  "packages": {
    "": {
      "version": "1.0.0",
      "license": "ISC",
      "dependencies": {
        "arcsecond": "^3.2.0"
      }
    },
    "node_modules/arcsecond": {
      "version": "3.2.0",
      "resolved": "https://registry.npmjs.org/arcsecond/-/arcsecond-3.2.0.tgz",
      "integrity": "sha512-Irn0I+CH4RCwjGS/jLqH5HBTo5pqDl5W9/gTwYdxKvlhAlind0Y5chhZTYpoT8XYgewmEyLn2ZR1XjrPiF4E2A=="
    }
  },
  "dependencies": {
    "arcsecond": {
      "version": "3.2.0",
      "resolved": "https://registry.npmjs.org/arcsecond/-/arcsecond-3.2.0.tgz",
      "integrity": "sha512-Irn0I+CH4RCwjGS/jLqH5HBTo5pqDl5W9/gTwYdxKvlhAlind0Y5chhZTYpoT8XYgewmEyLn2ZR1XjrPiF4E2A=="
    }
  }
}
